
Microsoft Visual Studio Solution File, Format Version 12.00
# Visual Studio 15
VisualStudioVersion = 15.0.28010.2019
MinimumVisualStudioVersion = 10.0.40219.1
Project("{FAE04EC0-301F-11D3-BF4B-00C04F79EFBC}") = "WEB.API", "WEB.API\WEB.API.csproj", "{F282D40E-1DCF-4E31-ABED-287968AFE886}"
EndProject
Project("{FAE04EC0-301F-11D3-BF4B-00C04F79EFBC}") = "Websmith.DataLayer", "Websmith.DataLayer\Websmith.DataLayer.csproj", "{D1161D4A-8E52-4AB1-A0A6-F86EF498EC9C}"
EndProject
Project("{FAE04EC0-301F-11D3-BF4B-00C04F79EFBC}") = "Websmith.Entity", "Websmith.Entity\Websmith.Entity.csproj", "{94C6FD41-F939-4DA2-9136-2390E9FAFC8F}"
EndProject
Project("{FAE04EC0-301F-11D3-BF4B-00C04F79EFBC}") = "WEB.GI", "WEB.GI\WEB.GI.csproj", "{B3E4F8F8-F9EA-4B68-B6B8-6182348BA4E2}"
EndProject
Project("{FAE04EC0-301F-11D3-BF4B-00C04F79EFBC}") = "WEB.ConsoleApp", "WEB.Console\WEB.ConsoleApp.csproj", "{21C32101-0678-4C4F-B140-CAF81054635F}"
EndProject
Global
	GlobalSection(SolutionConfigurationPlatforms) = preSolution
		Debug|Any CPU = Debug|Any CPU
		Release|Any CPU = Release|Any CPU
	EndGlobalSection
	GlobalSection(ProjectConfigurationPlatforms) = postSolution
		{F282D40E-1DCF-4E31-ABED-287968AFE886}.Debug|Any CPU.ActiveCfg = Debug|Any CPU
		{F282D40E-1DCF-4E31-ABED-287968AFE886}.Debug|Any CPU.Build.0 = Debug|Any CPU
		{F282D40E-1DCF-4E31-ABED-287968AFE886}.Release|Any CPU.ActiveCfg = Release|Any CPU
		{F282D40E-1DCF-4E31-ABED-287968AFE886}.Release|Any CPU.Build.0 = Release|Any CPU
		{D1161D4A-8E52-4AB1-A0A6-F86EF498EC9C}.Debug|Any CPU.ActiveCfg = Debug|Any CPU
		{D1161D4A-8E52-4AB1-A0A6-F86EF498EC9C}.Debug|Any CPU.Build.0 = Debug|Any CPU
		{D1161D4A-8E52-4AB1-A0A6-F86EF498EC9C}.Release|Any CPU.ActiveCfg = Release|Any CPU
		{D1161D4A-8E52-4AB1-A0A6-F86EF498EC9C}.Release|Any CPU.Build.0 = Release|Any CPU
		{94C6FD41-F939-4DA2-9136-2390E9FAFC8F}.Debug|Any CPU.ActiveCfg = Debug|Any CPU
		{94C6FD41-F939-4DA2-9136-2390E9FAFC8F}.Debug|Any CPU.Build.0 = Debug|Any CPU
		{94C6FD41-F939-4DA2-9136-2390E9FAFC8F}.Release|Any CPU.ActiveCfg = Release|Any CPU
		{94C6FD41-F939-4DA2-9136-2390E9FAFC8F}.Release|Any CPU.Build.0 = Release|Any CPU
		{B3E4F8F8-F9EA-4B68-B6B8-6182348BA4E2}.Debug|Any CPU.ActiveCfg = Debug|Any CPU
		{B3E4F8F8-F9EA-4B68-B6B8-6182348BA4E2}.Debug|Any CPU.Build.0 = Debug|Any CPU
		{B3E4F8F8-F9EA-4B68-B6B8-6182348BA4E2}.Release|Any CPU.ActiveCfg = Release|Any CPU
		{B3E4F8F8-F9EA-4B68-B6B8-6182348BA4E2}.Release|Any CPU.Build.0 = Release|Any CPU
		{21C32101-0678-4C4F-B140-CAF81054635F}.Debug|Any CPU.ActiveCfg = Debug|Any CPU
		{21C32101-0678-4C4F-B140-CAF81054635F}.Debug|Any CPU.Build.0 = Debug|Any CPU
		{21C32101-0678-4C4F-B140-CAF81054635F}.Release|Any CPU.ActiveCfg = Release|Any CPU
		{21C32101-0678-4C4F-B140-CAF81054635F}.Release|Any CPU.Build.0 = Release|Any CPU
	EndGlobalSection
	GlobalSection(SolutionProperties) = preSolution
		HideSolutionNode = FALSE
	EndGlobalSection
	GlobalSection(ExtensibilityGlobals) = postSolution
		SolutionGuid = {49529276-3EE8-4C14-A897-C73128A55343}
	EndGlobalSection
EndGlobal
