
Microsoft Visual Studio Solution File, Format Version 12.00
# Visual Studio 15
VisualStudioVersion = 15.0.28010.2019
MinimumVisualStudioVersion = 10.0.40219.1
Project("{FAE04EC0-301F-11D3-BF4B-00C04F79EFBC}") = "GI.COMPORT", "GI.COMPORT\GI.COMPORT.csproj", "{9FEB2C79-8015-4770-86A7-E4D15F9FC6CB}"
EndProject
Global
	GlobalSection(SolutionConfigurationPlatforms) = preSolution
		Debug|Any CPU = Debug|Any CPU
		Release|Any CPU = Release|Any CPU
	EndGlobalSection
	GlobalSection(ProjectConfigurationPlatforms) = postSolution
		{9FEB2C79-8015-4770-86A7-E4D15F9FC6CB}.Debug|Any CPU.ActiveCfg = Debug|Any CPU
		{9FEB2C79-8015-4770-86A7-E4D15F9FC6CB}.Debug|Any CPU.Build.0 = Debug|Any CPU
		{9FEB2C79-8015-4770-86A7-E4D15F9FC6CB}.Release|Any CPU.ActiveCfg = Release|Any CPU
		{9FEB2C79-8015-4770-86A7-E4D15F9FC6CB}.Release|Any CPU.Build.0 = Release|Any CPU
	EndGlobalSection
	GlobalSection(SolutionProperties) = preSolution
		HideSolutionNode = FALSE
	EndGlobalSection
	GlobalSection(ExtensibilityGlobals) = postSolution
		SolutionGuid = {32DE5FA0-2F3C-4735-B829-29F0A451F975}
	EndGlobalSection
EndGlobal
