
Microsoft Visual Studio Solution File, Format Version 12.00
# Visual Studio 15
VisualStudioVersion = 15.0.28010.2019
MinimumVisualStudioVersion = 10.0.40219.1
Project("{FAE04EC0-301F-11D3-BF4B-00C04F79EFBC}") = "AutoStartProgram", "AutoStartProgram\AutoStartProgram.csproj", "{975E46CD-F940-4C2D-89C2-9F1283256456}"
EndProject
Global
	GlobalSection(SolutionConfigurationPlatforms) = preSolution
		Debug|Any CPU = Debug|Any CPU
		Release|Any CPU = Release|Any CPU
	EndGlobalSection
	GlobalSection(ProjectConfigurationPlatforms) = postSolution
		{975E46CD-F940-4C2D-89C2-9F1283256456}.Debug|Any CPU.ActiveCfg = Debug|Any CPU
		{975E46CD-F940-4C2D-89C2-9F1283256456}.Debug|Any CPU.Build.0 = Debug|Any CPU
		{975E46CD-F940-4C2D-89C2-9F1283256456}.Release|Any CPU.ActiveCfg = Release|Any CPU
		{975E46CD-F940-4C2D-89C2-9F1283256456}.Release|Any CPU.Build.0 = Release|Any CPU
	EndGlobalSection
	GlobalSection(SolutionProperties) = preSolution
		HideSolutionNode = FALSE
	EndGlobalSection
	GlobalSection(ExtensibilityGlobals) = postSolution
		SolutionGuid = {EA096CD8-2020-4740-B0B0-F78E77F44E6D}
	EndGlobalSection
EndGlobal
